
Microsoft Visual Studio Solution File, Format Version 12.00
# Visual Studio 15
Project("{FAE04EC0-301F-11D3-BF4B-00C04F79EFBC}") = "Assembly-CSharp", "Assembly-CSharp.csproj", "{8C2D1E68-F650-D73D-803F-74D750550AEE}"
EndProject
Project("{FAE04EC0-301F-11D3-BF4B-00C04F79EFBC}") = "Assembly-CSharp-Editor", "Assembly-CSharp-Editor.csproj", "{7672C3F4-DA0A-85B1-5317-756CDFC1538A}"
EndProject
Global
	GlobalSection(SolutionConfigurationPlatforms) = preSolution
		Debug|Any CPU = Debug|Any CPU
		Release|Any CPU = Release|Any CPU
	EndGlobalSection
	GlobalSection(ProjectConfigurationPlatforms) = postSolution
		{8C2D1E68-F650-D73D-803F-74D750550AEE}.Debug|Any CPU.ActiveCfg = Debug|Any CPU
		{8C2D1E68-F650-D73D-803F-74D750550AEE}.Debug|Any CPU.Build.0 = Debug|Any CPU
		{8C2D1E68-F650-D73D-803F-74D750550AEE}.Release|Any CPU.ActiveCfg = Release|Any CPU
		{8C2D1E68-F650-D73D-803F-74D750550AEE}.Release|Any CPU.Build.0 = Release|Any CPU
		{7672C3F4-DA0A-85B1-5317-756CDFC1538A}.Debug|Any CPU.ActiveCfg = Debug|Any CPU
		{7672C3F4-DA0A-85B1-5317-756CDFC1538A}.Debug|Any CPU.Build.0 = Debug|Any CPU
		{7672C3F4-DA0A-85B1-5317-756CDFC1538A}.Release|Any CPU.ActiveCfg = Release|Any CPU
		{7672C3F4-DA0A-85B1-5317-756CDFC1538A}.Release|Any CPU.Build.0 = Release|Any CPU
	EndGlobalSection
	GlobalSection(SolutionProperties) = preSolution
		HideSolutionNode = FALSE
	EndGlobalSection
EndGlobal
